{"SurveyEntry":{"SurveyID":"SV_eyemdzXaJmlEahM","SurveyName":"AV Pass. v. Pedest. - Gill Preferences - V3","SurveyDescription":null,"SurveyOwnerID":"UR_06ZxqPWrkir9wJT","SurveyBrandID":"yale","DivisionID":null,"SurveyLanguage":"EN","SurveyActiveResponseSet":"RS_bK40zuGpseY6P3M","SurveyStatus":"Active","SurveyStartDate":"0000-00-00 00:00:00","SurveyExpirationDate":"0000-00-00 00:00:00","SurveyCreationDate":"2021-07-26 07:16:46","CreatorID":"UR_06ZxqPWrkir9wJT","LastModified":"2021-07-31 14:18:05","LastAccessed":"0000-00-00 00:00:00","LastActivated":"2021-07-26 11:37:03","Deleted":null},"SurveyElements":[{"SurveyID":"SV_eyemdzXaJmlEahM","Element":"BL","PrimaryAttribute":"Survey Blocks","SecondaryAttribute":null,"TertiaryAttribute":null,"Payload":{"0":{"Type":"Default","Description":"Consent","ID":"BL_diD1nL1DvQMlmYe","BlockElements":[{"Type":"Question","QuestionID":"QID2"},{"Type":"Question","QuestionID":"QID3"}],"Options":{"BlockLocking":"false","RandomizeQuestions":"false","BlockVisibility":"Expanded"}},"1":{"Type":"Trash","Description":"Trash \/ Unused Questions","ID":"BL_cINYWjT20ClzltQ","BlockElements":[]},"2":{"Type":"Standard","SubType":"","Description":"attention_checks","ID":"BL_af7LpUHI02AoFlc","BlockElements":[{"Type":"Question","QuestionID":"QID4"},{"Type":"Question","QuestionID":"QID5"}],"Options":{"BlockLocking":"false","RandomizeQuestions":"false","BlockVisibility":"Collapsed"}},"8":{"Type":"Standard","SubType":"","Description":"comprehension","ID":"BL_4Pi3CFkHElItVqu","BlockElements":[{"Type":"Question","QuestionID":"QID12"},{"Type":"Question","QuestionID":"QID29"}],"Options":{"BlockLocking":"false","RandomizeQuestions":"false","BlockVisibility":"Expanded"}},"9":{"Type":"Standard","SubType":"","Description":"demographics","ID":"BL_6VT6t7Y07g0X20m","BlockElements":[{"Type":"Question","QuestionID":"QID14"},{"Type":"Question","QuestionID":"QID15"},{"Type":"Question","QuestionID":"QID16"},{"Type":"Question","QuestionID":"QID17"}],"Options":{"BlockLocking":"false","RandomizeQuestions":"false","BlockVisibility":"Collapsed"}},"10":{"Type":"Standard","SubType":"","Description":"failed_check","ID":"BL_7UNnWUYf8lD9Rps","BlockElements":[{"Type":"Question","QuestionID":"QID21"}],"Options":{"BlockLocking":"false","RandomizeQuestions":"false","BlockVisibility":"Collapsed"}},"13":{"Type":"Standard","SubType":"","Description":"AV_forced","ID":"BL_d59dkG3G5IdQrzM","BlockElements":[{"Type":"Question","QuestionID":"QID24"}],"Options":{"BlockLocking":false,"RandomizeQuestions":"false","BlockVisibility":"Collapsed"}},"14":{"Type":"Standard","SubType":"","Description":"AV_unforced","ID":"BL_9S7sGxCW1Npb7Ya","BlockElements":[{"Type":"Question","QuestionID":"QID25"}],"Options":{"BlockLocking":false,"RandomizeQuestions":"false","BlockVisibility":"Collapsed"}},"15":{"Type":"Standard","SubType":"","Description":"AV_unforced","ID":"BL_8Izen0n3K1LulZc","BlockElements":[{"Type":"Question","QuestionID":"QID26"}],"Options":{"BlockLocking":false,"RandomizeQuestions":"false","BlockVisibility":"Collapsed"}},"16":{"Type":"Standard","SubType":"","Description":"human_unforced","ID":"BL_9ozCAfrPDWyeQzc","BlockElements":[{"Type":"Question","QuestionID":"QID27"}],"Options":{"BlockLocking":false,"RandomizeQuestions":"false","BlockVisibility":"Collapsed"}},"17":{"Type":"Standard","SubType":"","Description":"human_forced","ID":"BL_e9ylga2w3UdWso6","BlockElements":[{"Type":"Question","QuestionID":"QID28"}],"Options":{"BlockLocking":false,"RandomizeQuestions":"false","BlockVisibility":"Collapsed"}}}},{"SurveyID":"SV_eyemdzXaJmlEahM","Element":"FL","PrimaryAttribute":"Survey Flow","SecondaryAttribute":null,"TertiaryAttribute":null,"Payload":{"Type":"Root","FlowID":"FL_1","Flow":[{"Type":"Block","ID":"BL_diD1nL1DvQMlmYe","FlowID":"FL_2","Autofill":[]},{"Type":"Branch","FlowID":"FL_18","Description":"New Branch","BranchLogic":{"0":{"0":{"LogicType":"Question","QuestionID":"QID3","QuestionIsInLoop":"no","ChoiceLocator":"q:\/\/QID3\/SelectableChoice\/1","Operator":"Selected","QuestionIDFromLocator":"QID3","LeftOperand":"q:\/\/QID3\/SelectableChoice\/1","Type":"Expression","Description":"<span class=\"ConjDesc\">If<\/span> <span class=\"QuestionDesc\">Do you consent? <\/span> <span class=\"LeftOpDesc\">No<\/span> <span class=\"OpDesc\">Is Selected<\/span> "},"Type":"If"},"Type":"BooleanExpression"},"Flow":[{"Type":"EndSurvey","FlowID":"FL_19"}]},{"Type":"Standard","ID":"BL_af7LpUHI02AoFlc","FlowID":"FL_3","Autofill":[]},{"Type":"Branch","FlowID":"FL_14","Description":"New Branch","BranchLogic":{"0":{"0":{"LogicType":"Question","QuestionID":"QID4","QuestionIsInLoop":"no","ChoiceLocator":"q:\/\/QID4\/SelectableChoice\/2","Operator":"NotSelected","QuestionIDFromLocator":"QID4","LeftOperand":"q:\/\/QID4\/SelectableChoice\/2","Type":"Expression","Description":"<span class=\"ConjDesc\">If<\/span> <span class=\"QuestionDesc\">This is an attention check.&nbsp;John is taller than Paul. Who is shorter?<\/span> <span class=\"LeftOpDesc\">Paul<\/span> <span class=\"OpDesc\">Is Not Selected<\/span> "},"1":{"LogicType":"Question","QuestionID":"QID5","QuestionIsInLoop":"no","ChoiceLocator":"q:\/\/QID5\/SelectableChoice\/2","Operator":"NotSelected","QuestionIDFromLocator":"QID5","LeftOperand":"q:\/\/QID5\/SelectableChoice\/2","Type":"Expression","Description":"<span class=\"ConjDesc\">Or<\/span> <span class=\"QuestionDesc\">What color is grass? The fresh, uncut grass, not leaves or hay. Please make sure to select purple...<\/span> <span class=\"LeftOpDesc\">Purple<\/span> <span class=\"OpDesc\">Is Not Selected<\/span> ","Conjuction":"Or"},"Type":"If"},"Type":"BooleanExpression"},"Flow":[{"Type":"Standard","ID":"BL_7UNnWUYf8lD9Rps","FlowID":"FL_16","Autofill":[]},{"Type":"EndSurvey","FlowID":"FL_15"}]},{"Type":"BlockRandomizer","FlowID":"FL_9","SubSet":1,"EvenPresentation":true,"Flow":[{"Type":"Standard","ID":"BL_d59dkG3G5IdQrzM","FlowID":"FL_22","Autofill":[]},{"Type":"Standard","ID":"BL_9S7sGxCW1Npb7Ya","FlowID":"FL_23","Autofill":[]},{"Type":"Standard","ID":"BL_9ozCAfrPDWyeQzc","FlowID":"FL_25","Autofill":[]},{"Type":"Standard","ID":"BL_e9ylga2w3UdWso6","FlowID":"FL_26","Autofill":[]}]},{"Type":"Standard","ID":"BL_4Pi3CFkHElItVqu","FlowID":"FL_10","Autofill":[]},{"Type":"Standard","ID":"BL_6VT6t7Y07g0X20m","FlowID":"FL_11","Autofill":[]},{"Type":"EndSurvey","FlowID":"FL_13"}],"Properties":{"Count":26,"RemovedFieldsets":[]}}},{"SurveyID":"SV_eyemdzXaJmlEahM","Element":"RS","PrimaryAttribute":"RS_bK40zuGpseY6P3M","SecondaryAttribute":null,"TertiaryAttribute":null,"Payload":null},{"SurveyID":"SV_eyemdzXaJmlEahM","Element":"SO","PrimaryAttribute":"Survey Options","SecondaryAttribute":null,"TertiaryAttribute":null,"Payload":{"BackButton":"false","SaveAndContinue":"true","SurveyProtection":"PublicSurvey","BallotBoxStuffingPrevention":"false","NoIndex":"Yes","SecureResponseFiles":"true","SurveyExpiration":"None","SurveyTermination":"DisplayMessage","Header":"","Footer":"","ProgressBarDisplay":"None","PartialData":"+1 week","ValidationMessage":null,"PreviousButton":" \u2190 ","NextButton":" \u2192 ","SurveyTitle":"Qualtrics Survey | Qualtrics Experience Management","SkinLibrary":"yale","SkinType":"templated","Skin":{"brandingId":null,"templateId":"*base","overrides":null},"NewScoring":1,"CustomStyles":[],"EOSMessage":"MS_eexshK3Nt9lR7fg","ShowExportTags":"false","CollectGeoLocation":"false","SurveyMetaDescription":"Survey Software, Enterprise Survey software for enterprise feedback management and CRM solutions. Enables high-quality data collection, panel management and results analysis. Perfect for market research or CRM solution (Customer Relationship Management) integration. Free trial and consultation.","PasswordProtection":"No","AnonymizeResponse":"No","RefererCheck":"No","UseCustomSurveyLinkCompletedMessage":null,"SurveyLinkCompletedMessage":null,"SurveyLinkCompletedMessageLibrary":null,"ResponseSummary":"No","EOSMessageLibrary":"UR_JACWcHxC2P4Mpc4","EOSRedirectURL":null,"EmailThankYou":"false","ThankYouEmailMessageLibrary":null,"ThankYouEmailMessage":null,"ValidateMessage":"true","ValidationMessageLibrary":null,"InactiveSurvey":null,"PartialDeletion":null,"PartialDataCloseAfter":"LastActivity","InactiveMessageLibrary":null,"InactiveMessage":null,"AvailableLanguages":{"EN":[]},"ProtectSelectionIds":true}},{"SurveyID":"SV_eyemdzXaJmlEahM","Element":"SCO","PrimaryAttribute":"Scoring","SecondaryAttribute":null,"TertiaryAttribute":null,"Payload":{"ScoringCategories":[],"ScoringCategoryGroups":[],"ScoringSummaryCategory":null,"ScoringSummaryAfterQuestions":0,"ScoringSummaryAfterSurvey":0,"DefaultScoringCategory":null,"AutoScoringCategory":null}},{"SurveyID":"SV_eyemdzXaJmlEahM","Element":"PROJ","PrimaryAttribute":"CORE","SecondaryAttribute":null,"TertiaryAttribute":"1.1.0","Payload":{"ProjectCategory":"CORE","SchemaVersion":"1.1.0"}},{"SurveyID":"SV_eyemdzXaJmlEahM","Element":"STAT","PrimaryAttribute":"Survey Statistics","SecondaryAttribute":null,"TertiaryAttribute":null,"Payload":{"MobileCompatible":true,"ID":"Survey Statistics"}},{"SurveyID":"SV_eyemdzXaJmlEahM","Element":"QC","PrimaryAttribute":"Survey Question Count","SecondaryAttribute":"29","TertiaryAttribute":null,"Payload":null},{"SurveyID":"SV_eyemdzXaJmlEahM","Element":"SQ","PrimaryAttribute":"QID12","SecondaryAttribute":"According to the scenario, what were you asked to imagine? ","TertiaryAttribute":null,"Payload":{"QuestionText":"According to the scenario, what were you asked to imagine?&nbsp;","DefaultChoices":false,"DataExportTag":"comp1","QuestionType":"MC","Selector":"SAVR","SubSelector":"TX","Configuration":{"QuestionDescriptionOption":"UseText"},"QuestionDescription":"According to the scenario, what were you asked to imagine? ","Choices":{"1":{"Display":"That you are driving alone in a car"},"2":{"Display":"That you are driving alone in an autonomous self-driving car"},"3":{"Display":"That your family relative was driving you in their car"}},"ChoiceOrder":["1","2","3"],"Validation":{"Settings":{"ForceResponse":"ON","ForceResponseType":"ON","Type":"None"}},"GradingData":[],"Language":[],"NextChoiceId":4,"NextAnswerId":1,"QuestionID":"QID12","DataVisibility":{"Private":false,"Hidden":false},"AnalyzeChoices":{"3":"No"}}},{"SurveyID":"SV_eyemdzXaJmlEahM","Element":"SQ","PrimaryAttribute":"QID3","SecondaryAttribute":"Do you consent? ","TertiaryAttribute":null,"Payload":{"QuestionText":"Do you consent?&nbsp;","DefaultChoices":false,"DataExportTag":"consent_q","QuestionType":"MC","Selector":"SAVR","SubSelector":"TX","Configuration":{"QuestionDescriptionOption":"UseText","Autoscale":{"YScale":{"Name":"yesNo","Type":"likert","Reverse":false}}},"QuestionDescription":"Do you consent? ","Choices":{"1":{"Display":"No"},"2":{"Display":"Yes"}},"ChoiceOrder":[1,2],"Validation":{"Settings":{"ForceResponse":"ON","ForceResponseType":"ON","Type":"None"}},"GradingData":[],"Language":[],"NextChoiceId":3,"NextAnswerId":1,"QuestionID":"QID3"}},{"SurveyID":"SV_eyemdzXaJmlEahM","Element":"SQ","PrimaryAttribute":"QID27","SecondaryAttribute":"Imagine that you are driving alone in a car when you are confronted with the following dilemma: W...","TertiaryAttribute":null,"Payload":{"QuestionText":"<strong><\/strong>Imagine that you are driving alone in a car when you are confronted with the following dilemma:<div><br><\/div><div><b>Whether to kill the passenger in the car (you) or a pedestrian. <\/b><br><\/div><div><br><\/div><div>You should...<div><div><\/div><\/div><\/div>","DefaultChoices":false,"QuestionType":"MC","Selector":"SAVR","SubSelector":"TX","Configuration":{"QuestionDescriptionOption":"UseText"},"QuestionDescription":"Imagine that you are driving alone in a car when you are confronted with the following dilemma: W...","Choices":{"1":{"Display":"Kill the passenger in the car and save the pedestrian"},"2":{"Display":"Kill the pedestrian and save the passenger in the car"},"4":{"Display":"Decide who to kill and who to save without considering whether it is a passenger in the car or a pedestrian"}},"ChoiceOrder":["1","2","4"],"Validation":{"Settings":{"ForceResponse":"ON","ForceResponseType":"ON","Type":"None"}},"GradingData":[],"Language":[],"NextChoiceId":5,"NextAnswerId":1,"DataVisibility":{"Private":false,"Hidden":false},"QuestionText_Unsafe":"<strong><\/strong>Imagine that you are driving alone in an autonomous self-driving car that is confronted with the following dilemma:<div><br><\/div><div><b>Whether to kill the passenger in the car (you) or a pedestrian. <\/b><br><\/div><div><br><\/div><div>The self-driving car should be programmed to...<div><div><\/div><\/div><\/div>","RecodeValues":{"1":"1","2":"2","4":"3"},"DataExportTag":"human_unforced","QuestionID":"QID27"}},{"SurveyID":"SV_eyemdzXaJmlEahM","Element":"SQ","PrimaryAttribute":"QID28","SecondaryAttribute":"Imagine that you are driving alone in a car when you are confronted with the following dilemma: W...","TertiaryAttribute":null,"Payload":{"QuestionText":"<strong><\/strong>Imagine that you are driving alone in a car when you are confronted with the following dilemma:<div><br><\/div><div><b>Whether to kill the passenger in the car (you) or a pedestrian. <\/b><br><\/div><div><br><\/div><div>You should...<div><div><\/div><\/div><\/div>","DefaultChoices":false,"QuestionType":"MC","Selector":"SAVR","SubSelector":"TX","Configuration":{"QuestionDescriptionOption":"UseText"},"QuestionDescription":"Imagine that you are driving alone in a car when you are confronted with the following dilemma: W...","Choices":{"1":{"Display":"Kill the passenger in the car and save the pedestrian"},"2":{"Display":"Kill the pedestrian and save the passenger in the car"}},"ChoiceOrder":["1","2"],"Validation":{"Settings":{"ForceResponse":"ON","ForceResponseType":"ON","Type":"None"}},"GradingData":[],"Language":[],"NextChoiceId":5,"NextAnswerId":1,"DataVisibility":{"Private":false,"Hidden":false},"QuestionText_Unsafe":"<strong><\/strong>Imagine that you are driving alone in a car when you are confronted with the following dilemma:<div><br><\/div><div><b>Whether to kill the passenger in the car (you) or a pedestrian. <\/b><br><\/div><div><br><\/div><div>You should...<div><div><\/div><\/div><\/div>","RecodeValues":{"1":"1","2":"2"},"DataExportTag":"human_forced","QuestionID":"QID28"}},{"SurveyID":"SV_eyemdzXaJmlEahM","Element":"SQ","PrimaryAttribute":"QID24","SecondaryAttribute":"Imagine that you are driving alone in an autonomous self-driving car that is confronted with the...","TertiaryAttribute":null,"Payload":{"QuestionText":"<strong><\/strong>Imagine that you are driving alone in an autonomous self-driving car that is confronted with the following dilemma:<div><br><\/div><div><b>Whether to kill the passenger in the car (you) or a pedestrian. <\/b><br><\/div><div><br><\/div><div>The self-driving car should be programmed to...<div><div><\/div><\/div><\/div>","DefaultChoices":false,"QuestionType":"MC","Selector":"SAVR","SubSelector":"TX","Configuration":{"QuestionDescriptionOption":"UseText"},"QuestionDescription":"Imagine that you are driving alone in an autonomous self-driving car that is confronted with the...","Choices":{"1":{"Display":"Kill the passenger in the car and save the pedestrian"},"2":{"Display":"Kill the pedestrian and save the passenger in the car"}},"ChoiceOrder":["1","2"],"Validation":{"Settings":{"ForceResponse":"ON","ForceResponseType":"ON","Type":"None"}},"GradingData":[],"Language":[],"NextChoiceId":5,"NextAnswerId":1,"DataVisibility":{"Private":false,"Hidden":false},"QuestionText_Unsafe":"<strong><\/strong>Imagine that you are driving alone in an autonomous self-driving car traveling at the speed limit down a main road. Suddenly, a pedestrian appears ahead, in the direct path of the car. There is not enough time to brake and stop completely. The car could be programmed to brake and:<div><br><\/div><div>(a) SWERVE off to the side of the road, where it will impact a barrier (tree, pole or ditch) and injure or kill you, but leave the pedestrian unharmed.<\/div><div><br><\/div><div>(b) STAY on its current path, where it will injure or kill the pedestrian, but leave you unharmed.<\/div><div><br><\/div><div>In the above situation, which of the two options shown above should be programmed in the autonomous self-driving car? <br><\/div><div><br><div><\/div><\/div>","DataExportTag":"av_forced","QuestionID":"QID24","RecodeValues":{"1":"1","2":"2"}}},{"SurveyID":"SV_eyemdzXaJmlEahM","Element":"SQ","PrimaryAttribute":"QID25","SecondaryAttribute":"Imagine that you are driving alone in an autonomous self-driving car that is confronted with the...","TertiaryAttribute":null,"Payload":{"QuestionText":"<strong><\/strong>Imagine that you are driving alone in an autonomous self-driving car that is confronted with the following dilemma:<div><br><\/div><div><b>Whether to kill the passenger in the car (you) or a pedestrian. <\/b><br><\/div><div><br><\/div><div>The self-driving car should be programmed to...<div><div><\/div><\/div><\/div>","DefaultChoices":false,"QuestionType":"MC","Selector":"SAVR","SubSelector":"TX","Configuration":{"QuestionDescriptionOption":"UseText"},"QuestionDescription":"Imagine that you are driving alone in an autonomous self-driving car that is confronted with the...","Choices":{"1":{"Display":"Kill the passenger in the car and save the pedestrian"},"2":{"Display":"Kill the pedestrian and save the passenger in the car"},"4":{"Display":"Decide who to kill and who to save without considering whether it is a passenger in the car or a pedestrian"}},"ChoiceOrder":["1","2","4"],"Validation":{"Settings":{"ForceResponse":"ON","ForceResponseType":"ON","Type":"None"}},"GradingData":[],"Language":[],"NextChoiceId":5,"NextAnswerId":1,"DataVisibility":{"Private":false,"Hidden":false},"QuestionText_Unsafe":"<strong><\/strong>Imagine that you are driving alone in an autonomous self-driving car that is confronted with the following dilemma:<div><br><\/div><div><b>Whether to kill the passenger in the car (you) or a pedestrian. <\/b><br><\/div><div><br><\/div><div>The self-driving car should be programmed to...<div><div><\/div><\/div><\/div>","RecodeValues":{"1":"1","2":"2","4":"3"},"DataExportTag":"av_unforced","QuestionID":"QID25"}},{"SurveyID":"SV_eyemdzXaJmlEahM","Element":"SQ","PrimaryAttribute":"QID26","SecondaryAttribute":"Imagine that you are driving alone in an autonomous self-driving car that is confronted with the...","TertiaryAttribute":null,"Payload":{"QuestionText":"<strong><\/strong>Imagine that you are driving alone in an autonomous self-driving car that is confronted with the following dilemma:<div><br><\/div><div><b>Whether to kill the passenger in the car (you) or a pedestrian. <\/b><br><\/div><div><br><\/div><div>The self-driving car should be programmed to...<div><div><\/div><\/div><\/div>","DefaultChoices":false,"QuestionType":"MC","Selector":"SAVR","SubSelector":"TX","Configuration":{"QuestionDescriptionOption":"UseText"},"QuestionDescription":"Imagine that you are driving alone in an autonomous self-driving car that is confronted with the...","Choices":{"1":{"Display":"Kill the passenger in the car and save the pedestrian"},"2":{"Display":"Kill the pedestrian and save the passenger in the car"},"4":{"Display":"Decide who to kill and who to save without considering whether it is a passenger in the car or a pedestrian"}},"ChoiceOrder":["1","2","4"],"Validation":{"Settings":{"ForceResponse":"ON","ForceResponseType":"ON","Type":"None"}},"GradingData":[],"Language":[],"NextChoiceId":5,"NextAnswerId":1,"DataVisibility":{"Private":false,"Hidden":false},"QuestionText_Unsafe":"<strong><\/strong>Imagine that you are driving alone in an autonomous self-driving car that is confronted with the following dilemma:<div><br><\/div><div><b>Whether to kill the passenger in the car (you) or a pedestrian. <\/b><br><\/div><div><br><\/div><div>The self-driving car should be programmed to...<div><div><\/div><\/div><\/div>","RecodeValues":{"1":"1","2":"2","4":"3"},"DataExportTag":"av_unforced","QuestionID":"QID26"}},{"SurveyID":"SV_eyemdzXaJmlEahM","Element":"SQ","PrimaryAttribute":"QID2","SecondaryAttribute":"Informed Consent \u00a0 \u00a0 Participation is voluntary It is your choice whether or not to participate i.","TertiaryAttribute":null,"Payload":{"QuestionText":"<section aria-label=\"Page 1\">\n<div style=\"text-align: center;\">\n<div><strong>Informed Consent<\/strong><br>\n&nbsp;<\/div>\n\n<div style=\"text-align: left;\">&nbsp;<\/div>\n\n<div style=\"text-align: left;\"><strong>Participation is voluntary<\/strong><br>\nIt is your choice whether or not to participate in this research. If you choose to participate, you may change your mind and leave the study at any time. Refusal to participate or stopping your participation will involve no penalty or loss of benefits to which you are otherwise entitled.<br>\n<br>\n<strong>What is the purpose of this research?<\/strong><br>\nThe purpose of this research is to examine human visual performance and judgments. All data from this experiment are gathered for scientific purposes and will contribute to our eventual understanding of brain and visual function. These data may be published in scientific journals so that other researchers may have access to these data.<br>\n<br>\n<strong>How long will I take part in this research?<\/strong><br>\nYour participation will take approximately 7 minutes to complete.<br>\n<br>\n<strong>What can I expect if I take part in this research?<\/strong><br>\nAs a participant, you will be asked to look at images presented on a video display and give responses with key presses or movements of a mouse pointing device. Your response may involve responding as quickly as you can, memorizing what you saw, making a judgment, or completing a questionnaire. You will also be asked to complete a demographics form.<br>\n<br>\n<strong>What are the risks and possible discomforts?<\/strong><br>\nIf you choose to participate, the effects should be comparable to those you would experience from viewing a computer monitor for 7 minutes and using a mouse or keyboard, e.g., eye fatigue. You are free to take breaks throughout the session. Some of the images and stories are mildly emotional, and some of the written stories are disgust-inducing.<br>\n<br>\n<strong>Will I be compensated for participating in this research?<\/strong><br>\nYou will be compensated $0.5 for this study. You will still receive payment if you withdraw early.<br>\n<br>\n<strong>If I take part in this research, how will my privacy be protected? What happens to the information you collect?<\/strong><br>\nYour participation in this experiment will remain confidential, and your identity will not be stored with your data.<br>\n<br>\n<strong>If I have any questions, concerns or complaints about this research study, who can I talk to?<\/strong><br>\nThe researcher for this study is Julian De Freitas who can be reached at 626.559.6401; #161 Morgan Hall, 15 Harvard Way, Boston MA, 02163; ethicalintelligencelab@gmail.com If you have questions, concerns, or complaints,<\/div>\n\n<ul>\n\t<li style=\"text-align: left;\">If you would like to talk to the research team,<\/li>\n\t<li style=\"text-align: left;\">If you think the research has harmed you, or<\/li>\n\t<li style=\"text-align: left;\">If you wish to withdraw from the study.<\/li>\n<\/ul>\n<\/div>\n<\/section>\n\n<section aria-label=\"Page 2\">\n<div style=\"text-align: left;\">This research has been reviewed by the Committee on the Use of Human Subjects in Research at Harvard University. They can be reached at 617-496-2847, 1350 Massachusetts Avenue, Suite 935, Cambridge, MA 02138, or cuhs@harvard.edu for any of the following:<\/div>\n\n<ul>\n\t<li style=\"text-align: left;\">If your questions, concerns, or complaints are not being answered by the research team,<\/li>\n\t<li style=\"text-align: left;\">If you cannot reach the research team,<\/li>\n\t<li style=\"text-align: left;\">If you want to talk to someone besides the research team, or<\/li>\n\t<li style=\"text-align: left;\">If you have questions about your rights as a research participant.<\/li>\n<\/ul>\n<\/section>","DefaultChoices":false,"DataExportTag":"consent","QuestionType":"DB","Selector":"TB","DataVisibility":{"Private":false,"Hidden":false},"Configuration":{"QuestionDescriptionOption":"UseText"},"QuestionDescription":"Informed Consent \u00a0 \u00a0 Participation is voluntary It is your choice whether or not to participate i...","ChoiceOrder":[],"Validation":{"Settings":{"Type":"None"}},"GradingData":[],"Language":[],"NextChoiceId":4,"NextAnswerId":1,"QuestionID":"QID2"}},{"SurveyID":"SV_eyemdzXaJmlEahM","Element":"SQ","PrimaryAttribute":"QID17","SecondaryAttribute":"Please indicate the highest level of education completed.","TertiaryAttribute":null,"Payload":{"QuestionText":"<span style=\"font-weight: bolder;\">Please indicate the highest level of education completed.<\/span>","DataExportTag":"ses","QuestionType":"MC","Selector":"SAVR","SubSelector":"TX","DataVisibility":{"Private":false,"Hidden":false},"Configuration":{"QuestionDescriptionOption":"UseText"},"QuestionDescription":"Please indicate the highest level of education completed.","Choices":{"1":{"Display":"High School or Equivalent"},"2":{"Display":"Vocational\/Technical School (2 year)"},"3":{"Display":"Some College"},"4":{"Display":"College Graduate (4 year)"},"5":{"Display":"Masters Degree (MS)"},"6":{"Display":"Doctoral Degree (PhD)"},"7":{"Display":"Professional Degree (MD, JD, etc.)"},"8":{"Display":"Other (please specify)","TextEntry":"true"}},"ChoiceOrder":[1,2,3,4,5,6,7,8],"Validation":{"Settings":{"ForceResponse":"OFF","Type":"None"}},"Language":[],"NextChoiceId":9,"NextAnswerId":1,"QuestionID":"QID17"}},{"SurveyID":"SV_eyemdzXaJmlEahM","Element":"SQ","PrimaryAttribute":"QID4","SecondaryAttribute":"This is an attention check.\u00a0John is taller than Paul. Who is shorter?","TertiaryAttribute":null,"Payload":{"QuestionText":"<span style=\"font-weight: bolder;\">This is an attention check.&nbsp;<\/span><strong>John is taller than Paul. Who is shorter?<\/strong>","QuestionJS":"Qualtrics.SurveyEngine.addOnload(function()\n{\n\t\/*Place your JavaScript here to run when the page loads*\/\n\n});\n\nQualtrics.SurveyEngine.addOnReady(function()\n{\n    $('PreviousButton').hide();\n\n});\n\nQualtrics.SurveyEngine.addOnUnload(function()\n{\n\t\/*Place your JavaScript here to run when the page is unloaded*\/\n\n});","DataExportTag":"att1","QuestionType":"MC","Selector":"SAVR","SubSelector":"TX","DataVisibility":{"Private":false,"Hidden":false},"Configuration":{"QuestionDescriptionOption":"UseText"},"QuestionDescription":"This is an attention check.\u00a0John is taller than Paul. Who is shorter?","Choices":{"1":{"Display":"John"},"2":{"Display":"Paul"},"3":{"Display":"Neither John nor Paul"},"4":{"Display":"Both John and Paul"}},"ChoiceOrder":[1,2,3,4],"Validation":{"Settings":{"ForceResponse":"ON","ForceResponseType":"ON","Type":"None"}},"Language":[],"NextChoiceId":5,"NextAnswerId":1,"QuestionID":"QID4"}},{"SurveyID":"SV_eyemdzXaJmlEahM","Element":"SQ","PrimaryAttribute":"QID21","SecondaryAttribute":"Unfortunately, you failed one of the attention checks. Thanks for considering this study!","TertiaryAttribute":null,"Payload":{"QuestionText":"Unfortunately, you failed one of the attention checks. Thanks for considering this study!","DefaultChoices":false,"DataExportTag":"failed","QuestionType":"DB","Selector":"TB","Configuration":{"QuestionDescriptionOption":"UseText"},"QuestionDescription":"Unfortunately, you failed one of the attention checks. Thanks for considering this study!","ChoiceOrder":[],"Validation":{"Settings":{"Type":"None"}},"GradingData":[],"Language":[],"NextChoiceId":4,"NextAnswerId":1,"QuestionID":"QID21"}},{"SurveyID":"SV_eyemdzXaJmlEahM","Element":"SQ","PrimaryAttribute":"QID5","SecondaryAttribute":"What color is grass? The fresh, uncut grass, not leaves or hay. Please make sure to select purple...","TertiaryAttribute":null,"Payload":{"QuestionText":"<strong>What color is grass?<\/strong><br>\n<br>\nThe fresh, uncut grass, not leaves or hay. Please make sure to select purple, so that we know you're paying attention.","DataExportTag":"att2","QuestionType":"MC","Selector":"SAVR","SubSelector":"TX","DataVisibility":{"Private":false,"Hidden":false},"Configuration":{"QuestionDescriptionOption":"UseText"},"QuestionDescription":"What color is grass? The fresh, uncut grass, not leaves or hay. Please make sure to select purple...","Choices":{"1":{"Display":"Green"},"2":{"Display":"Purple"}},"ChoiceOrder":[1,2],"Validation":{"Settings":{"ForceResponse":"ON","ForceResponseType":"ON","Type":"None"}},"Language":[],"NextChoiceId":3,"NextAnswerId":1,"QuestionID":"QID5"}},{"SurveyID":"SV_eyemdzXaJmlEahM","Element":"SQ","PrimaryAttribute":"QID16","SecondaryAttribute":"What is your age (in years)?","TertiaryAttribute":null,"Payload":{"QuestionText":"<span style=\"font-weight: bolder;\">What is your a<\/span><span style=\"font-weight: bolder;\">ge (in years)?<\/span>","DefaultChoices":false,"DataExportTag":"age","QuestionType":"TE","Selector":"SL","DataVisibility":{"Private":false,"Hidden":false},"Configuration":{"QuestionDescriptionOption":"UseText"},"QuestionDescription":"What is your age (in years)?","Validation":{"Settings":{"ForceResponse":"OFF","Type":"None"}},"GradingData":[],"Language":[],"NextChoiceId":4,"NextAnswerId":1,"SearchSource":{"AllowFreeResponse":"false"},"QuestionID":"QID16"}},{"SurveyID":"SV_eyemdzXaJmlEahM","Element":"SQ","PrimaryAttribute":"QID15","SecondaryAttribute":"What is your ethnicity?","TertiaryAttribute":null,"Payload":{"QuestionText":"<span style=\"font-weight: bolder;\">What is your ethnicity?<\/span>","DataExportTag":"ethnicity","QuestionType":"MC","Selector":"SAVR","SubSelector":"TX","DataVisibility":{"Private":false,"Hidden":false},"Configuration":{"QuestionDescriptionOption":"UseText"},"QuestionDescription":"What is your ethnicity?","Choices":{"1":{"Display":"Black or African American"},"2":{"Display":"Asian"},"3":{"Display":"White or European"},"4":{"Display":"Hispanic or Latino"},"5":{"Display":"Mixed"},"6":{"Display":"Other (please specify)","TextEntry":"true"}},"ChoiceOrder":[1,2,3,4,5,6],"Validation":{"Settings":{"ForceResponse":"OFF","Type":"None"}},"Language":[],"NextChoiceId":7,"NextAnswerId":1,"QuestionID":"QID15"}},{"SurveyID":"SV_eyemdzXaJmlEahM","Element":"SQ","PrimaryAttribute":"QID14","SecondaryAttribute":"What is your gender?","TertiaryAttribute":null,"Payload":{"QuestionText":"<span style=\"font-weight: bolder;\">What is your g<\/span><span style=\"font-weight: bolder;\">ender?<\/span>","DataExportTag":"gender","QuestionType":"MC","Selector":"SAVR","SubSelector":"TX","DataVisibility":{"Private":false,"Hidden":false},"Configuration":{"QuestionDescriptionOption":"UseText"},"QuestionDescription":"What is your gender?","Choices":{"1":{"Display":"Male"},"2":{"Display":"Female"},"3":{"Display":"Prefer not to disclose"},"4":{"Display":"Other (please specify)","TextEntry":"true"}},"ChoiceOrder":[1,2,3,4],"Validation":{"Settings":{"ForceResponse":"OFF","Type":"None"}},"Language":[],"NextChoiceId":5,"NextAnswerId":1,"QuestionID":"QID14"}},{"SurveyID":"SV_eyemdzXaJmlEahM","Element":"SQ","PrimaryAttribute":"QID29","SecondaryAttribute":"Which of the following was true about the scenario you read? ","TertiaryAttribute":null,"Payload":{"QuestionText":"Which of the following was true about the scenario you read?&nbsp;","DefaultChoices":false,"DataExportTag":"comp2","QuestionType":"MC","Selector":"SAVR","SubSelector":"TX","DataVisibility":{"Private":false,"Hidden":false},"Configuration":{"QuestionDescriptionOption":"UseText"},"QuestionDescription":"Which of the following was true about the scenario you read? ","Choices":{"1":{"Display":"There were only two options: whether to kill the pedestrian or the passenger"},"2":{"Display":"There were three options, one of which was to decide who to kill or save without considering whether the person is a passenger or pedestrian"},"3":{"Display":"None of the above"}},"ChoiceOrder":["1","2","3"],"Validation":{"Settings":{"ForceResponse":"ON","ForceResponseType":"ON","Type":"None"}},"GradingData":[],"AnalyzeChoices":{"3":"No"},"Language":[],"NextChoiceId":4,"NextAnswerId":1,"QuestionID":"QID29"}}]}